{
  "version": "2",
  "remote": {
    "https://deno.land/std@0.167.0/fmt/colors.ts": "03ad95e543d2808bc43c17a3dd29d25b43d0f16287fe562a0be89bf632454a12",
    "https://deno.land/std@0.167.0/testing/_diff.ts": "a23e7fc2b4d8daa3e158fa06856bedf5334ce2a2831e8bf9e509717f455adb2c",
    "https://deno.land/std@0.167.0/testing/_format.ts": "cd11136e1797791045e639e9f0f4640d5b4166148796cad37e6ef75f7d7f3832",
    "https://deno.land/std@0.167.0/testing/asserts.ts": "51353e79437361d4b02d8e32f3fc83b22231bc8f8d4c841d86fd32b0b0afe940",
    "https://deno.land/x/lz4@v0.1.2/mod.ts": "4decfc1a3569d03fd1813bd39128b71c8f082850fe98ecfdde20025772916582",
    "https://deno.land/x/lz4@v0.1.2/wasm.js": "b9c65605327ba273f0c76a6dc596ec534d4cda0f0225d7a94ebc606782319e46",
    "https://deno.land/x/swc@0.2.1/lib/deno_swc.generated.js": "a112eb5a4871bcbd5b660d3fd9d7afdd5cf2bb9e135eb9b04aceaa24d16481a0",
    "https://deno.land/x/swc@0.2.1/mod.ts": "9e03f5daf4c2a25208e34e19ce3e997d2e23a5a11ee8c8ed58023b0e3626073f",
    "https://esm.sh/@swc/core@1.2.212/types.d.ts": "57ab440b40e26a05350f1e06d3977742c249ab20ea46b9103dad876d5d4e5dd5",
    "https://esm.sh/@swc/core@1.2.212/types.d.ts?bundle&dev&pin=v99": "57ab440b40e26a05350f1e06d3977742c249ab20ea46b9103dad876d5d4e5dd5"
  }
}